
Microsoft Visual Studio Solution File, Format Version 12.00
# Visual Studio Version 17
VisualStudioVersion = 17.11.35431.28
MinimumVisualStudioVersion = 10.0.40219.1
Project("{FAE04EC0-301F-11D3-BF4B-00C04F79EFBC}") = "WpfApp1", "WpfApp1\WpfApp1.csproj", "{17A08592-C752-45DE-9BA9-A790F7C1A8C1}"
EndProject
Global
	GlobalSection(SolutionConfigurationPlatforms) = preSolution
		Debug|Any CPU = Debug|Any CPU
		Release|Any CPU = Release|Any CPU
	EndGlobalSection
	GlobalSection(ProjectConfigurationPlatforms) = postSolution
		{17A08592-C752-45DE-9BA9-A790F7C1A8C1}.Debug|Any CPU.ActiveCfg = Debug|Any CPU
		{17A08592-C752-45DE-9BA9-A790F7C1A8C1}.Debug|Any CPU.Build.0 = Debug|Any CPU
		{17A08592-C752-45DE-9BA9-A790F7C1A8C1}.Release|Any CPU.ActiveCfg = Release|Any CPU
		{17A08592-C752-45DE-9BA9-A790F7C1A8C1}.Release|Any CPU.Build.0 = Release|Any CPU
	EndGlobalSection
	GlobalSection(SolutionProperties) = preSolution
		HideSolutionNode = FALSE
	EndGlobalSection
	GlobalSection(ExtensibilityGlobals) = postSolution
		SolutionGuid = {C38BFFF4-0CD3-4E48-9D4B-FDAE4D27A34A}
	EndGlobalSection
EndGlobal
